// !$*UTF8*$!
{
	archiveVersion = 1;
	classes = {
	};
	objectVersion = 55;
	objects = {

/* Begin PBXBuildFile section */
		78B11683276F36ED006F95EB /* Tests_iOS.swift in Sources */ = {isa = PBXBuildFile; fileRef = 78B11682276F36ED006F95EB /* Tests_iOS.swift */; };
		78B11685276F36ED006F95EB /* Tests_iOSLaunchTests.swift in Sources */ = {isa = PBXBuildFile; fileRef = 78B11684276F36ED006F95EB /* Tests_iOSLaunchTests.swift */; };
		78B1168F276F36ED006F95EB /* Tests_macOS.swift in Sources */ = {isa = PBXBuildFile; fileRef = 78B1168E276F36ED006F95EB /* Tests_macOS.swift */; };
		78B11691276F36ED006F95EB /* Tests_macOSLaunchTests.swift in Sources */ = {isa = PBXBuildFile; fileRef = 78B11690276F36ED006F95EB /* Tests_macOSLaunchTests.swift */; };
		78B11692276F36ED006F95EB /* BTLApp.swift in Sources */ = {isa = PBXBuildFile; fileRef = 78B1166A276F36E8006F95EB /* BTLApp.swift */; };
		78B11693276F36ED006F95EB /* BTLApp.swift in Sources */ = {isa = PBXBuildFile; fileRef = 78B1166A276F36E8006F95EB /* BTLApp.swift */; };
		78B11694276F36ED006F95EB /* ContentView.swift in Sources */ = {isa = PBXBuildFile; fileRef = 78B1166B276F36E8006F95EB /* ContentView.swift */; };
		78B11695276F36ED006F95EB /* ContentView.swift in Sources */ = {isa = PBXBuildFile; fileRef = 78B1166B276F36E8006F95EB /* ContentView.swift */; };
		78B11696276F36ED006F95EB /* Assets.xcassets in Resources */ = {isa = PBXBuildFile; fileRef = 78B1166C276F36EC006F95EB /* Assets.xcassets */; };
		78B11697276F36ED006F95EB /* Assets.xcassets in Resources */ = {isa = PBXBuildFile; fileRef = 78B1166C276F36EC006F95EB /* Assets.xcassets */; };
/* End PBXBuildFile section */

/* Begin PBXContainerItemProxy section */
		78B1167F276F36ED006F95EB /* PBXContainerItemProxy */ = {
			isa = PBXContainerItemProxy;
			containerPortal = 78B11665276F36E8006F95EB /* Project object */;
			proxyType = 1;
			remoteGlobalIDString = 78B11670276F36EC006F95EB;
			remoteInfo = "BTL (iOS)";
		};
		78B1168B276F36ED006F95EB /* PBXContainerItemProxy */ = {
			isa = PBXContainerItemProxy;
			containerPortal = 78B11665276F36E8006F95EB /* Project object */;
			proxyType = 1;
			remoteGlobalIDString = 78B11676276F36EC006F95EB;
			remoteInfo = "BTL (macOS)";
		};
/* End PBXContainerItemProxy section */

/* Begin PBXFileReference section */
		78B1166A276F36E8006F95EB /* BTLApp.swift */ = {isa = PBXFileReference; lastKnownFileType = sourcecode.swift; path = BTLApp.swift; sourceTree = "<group>"; };
		78B1166B276F36E8006F95EB /* ContentView.swift */ = {isa = PBXFileReference; lastKnownFileType = sourcecode.swift; path = ContentView.swift; sourceTree = "<group>"; };
		78B1166C276F36EC006F95EB /* Assets.xcassets */ = {isa = PBXFileReference; lastKnownFileType = folder.assetcatalog; path = Assets.xcassets; sourceTree = "<group>"; };
		78B11671276F36EC006F95EB /* BTL.app */ = {isa = PBXFileReference; explicitFileType = wrapper.application; includeInIndex = 0; path = BTL.app; sourceTree = BUILT_PRODUCTS_DIR; };
		78B11677276F36EC006F95EB /* BTL.app */ = {isa = PBXFileReference; explicitFileType = wrapper.application; includeInIndex = 0; path = BTL.app; sourceTree = BUILT_PRODUCTS_DIR; };
		78B11679276F36EC006F95EB /* macOS.entitlements */ = {isa = PBXFileReference; lastKnownFileType = text.plist.entitlements; path = macOS.entitlements; sourceTree = "<group>"; };
		78B1167E276F36ED006F95EB /* Tests iOS.xctest */ = {isa = PBXFileReference; explicitFileType = wrapper.cfbundle; includeInIndex = 0; path = "Tests iOS.xctest"; sourceTree = BUILT_PRODUCTS_DIR; };
		78B11682276F36ED006F95EB /* Tests_iOS.swift */ = {isa = PBXFileReference; lastKnownFileType = sourcecode.swift; path = Tests_iOS.swift; sourceTree = "<group>"; };
		78B11684276F36ED006F95EB /* Tests_iOSLaunchTests.swift */ = {isa = PBXFileReference; lastKnownFileType = sourcecode.swift; path = Tests_iOSLaunchTests.swift; sourceTree = "<group>"; };
		78B1168A276F36ED006F95EB /* Tests macOS.xctest */ = {isa = PBXFileReference; explicitFileType = wrapper.cfbundle; includeInIndex = 0; path = "Tests macOS.xctest"; sourceTree = BUILT_PRODUCTS_DIR; };
		78B1168E276F36ED006F95EB /* Tests_macOS.swift */ = {isa = PBXFileReference; lastKnownFileType = sourcecode.swift; path = Tests_macOS.swift; sourceTree = "<group>"; };
		78B11690276F36ED006F95EB /* Tests_macOSLaunchTests.swift */ = {isa = PBXFileReference; lastKnownFileType = sourcecode.swift; path = Tests_macOSLaunchTests.swift; sourceTree = "<group>"; };
/* End PBXFileReference section */

/* Begin PBXFrameworksBuildPhase section */
		78B1166E276F36EC006F95EB /* Frameworks */ = {
			isa = PBXFrameworksBuildPhase;
			buildActionMask = 2147483647;
			files = (
			);
			runOnlyForDeploymentPostprocessing = 0;
		};
		78B11674276F36EC006F95EB /* Frameworks */ = {
			isa = PBXFrameworksBuildPhase;
			buildActionMask = 2147483647;
			files = (
			);
			runOnlyForDeploymentPostprocessing = 0;
		};
		78B1167B276F36ED006F95EB /* Frameworks */ = {
			isa = PBXFrameworksBuildPhase;
			buildActionMask = 2147483647;
			files = (
			);
			runOnlyForDeploymentPostprocessing = 0;
		};
		78B11687276F36ED006F95EB /* Frameworks */ = {
			isa = PBXFrameworksBuildPhase;
			buildActionMask = 2147483647;
			files = (
			);
			runOnlyForDeploymentPostprocessing = 0;
		};
/* End PBXFrameworksBuildPhase section */

/* Begin PBXGroup section */
		78B11664276F36E8006F95EB = {
			isa = PBXGroup;
			children = (
				78B11669276F36E8006F95EB /* Shared */,
				78B11678276F36EC006F95EB /* macOS */,
				78B11681276F36ED006F95EB /* Tests iOS */,
				78B1168D276F36ED006F95EB /* Tests macOS */,
				78B11672276F36EC006F95EB /* Products */,
			);
			sourceTree = "<group>";
		};
		78B11669276F36E8006F95EB /* Shared */ = {
			isa = PBXGroup;
			children = (
				78B1166A276F36E8006F95EB /* BTLApp.swift */,
				78B1166B276F36E8006F95EB /* ContentView.swift */,
				78B1166C276F36EC006F95EB /* Assets.xcassets */,
			);
			path = Shared;
			sourceTree = "<group>";
		};
		78B11672276F36EC006F95EB /* Products */ = {
			isa = PBXGroup;
			children = (
				78B11671276F36EC006F95EB /* BTL.app */,
				78B11677276F36EC006F95EB /* BTL.app */,
				78B1167E276F36ED006F95EB /* Tests iOS.xctest */,
				78B1168A276F36ED006F95EB /* Tests macOS.xctest */,
			);
			name = Products;
			sourceTree = "<group>";
		};
		78B11678276F36EC006F95EB /* macOS */ = {
			isa = PBXGroup;
			children = (
				78B11679276F36EC006F95EB /* macOS.entitlements */,
			);
			path = macOS;
			sourceTree = "<group>";
		};
		78B11681276F36ED006F95EB /* Tests iOS */ = {
			isa = PBXGroup;
			children = (
				78B11682276F36ED006F95EB /* Tests_iOS.swift */,
				78B11684276F36ED006F95EB /* Tests_iOSLaunchTests.swift */,
			);
			path = "Tests iOS";
			sourceTree = "<group>";
		};
		78B1168D276F36ED006F95EB /* Tests macOS */ = {
			isa = PBXGroup;
			children = (
				78B1168E276F36ED006F95EB /* Tests_macOS.swift */,
				78B11690276F36ED006F95EB /* Tests_macOSLaunchTests.swift */,
			);
			path = "Tests macOS";
			sourceTree = "<group>";
		};
/* End PBXGroup section */

/* Begin PBXNativeTarget section */
		78B11670276F36EC006F95EB /* BTL (iOS) */ = {
			isa = PBXNativeTarget;
			buildConfigurationList = 78B1169A276F36ED006F95EB /* Build configuration list for PBXNativeTarget "BTL (iOS)" */;
			buildPhases = (
				78B1166D276F36EC006F95EB /* Sources */,
				78B1166E276F36EC006F95EB /* Frameworks */,
				78B1166F276F36EC006F95EB /* Resources */,
			);
			buildRules = (
			);
			dependencies = (
			);
			name = "BTL (iOS)";
			productName = "BTL (iOS)";
			productReference = 78B11671276F36EC006F95EB /* BTL.app */;
			productType = "com.apple.product-type.application";
		};
		78B11676276F36EC006F95EB /* BTL (macOS) */ = {
			isa = PBXNativeTarget;
			buildConfigurationList = 78B1169D276F36ED006F95EB /* Build configuration list for PBXNativeTarget "BTL (macOS)" */;
			buildPhases = (
				78B11673276F36EC006F95EB /* Sources */,
				78B11674276F36EC006F95EB /* Frameworks */,
				78B11675276F36EC006F95EB /* Resources */,
			);
			buildRules = (
			);
			dependencies = (
			);
			name = "BTL (macOS)";
			productName = "BTL (macOS)";
			productReference = 78B11677276F36EC006F95EB /* BTL.app */;
			productType = "com.apple.product-type.application";
		};
		78B1167D276F36ED006F95EB /* Tests iOS */ = {
			isa = PBXNativeTarget;
			buildConfigurationList = 78B116A0276F36ED006F95EB /* Build configuration list for PBXNativeTarget "Tests iOS" */;
			buildPhases = (
				78B1167A276F36ED006F95EB /* Sources */,
				78B1167B276F36ED006F95EB /* Frameworks */,
				78B1167C276F36ED006F95EB /* Resources */,
			);
			buildRules = (
			);
			dependencies = (
				78B11680276F36ED006F95EB /* PBXTargetDependency */,
			);
			name = "Tests iOS";
			productName = "Tests iOS";
			productReference = 78B1167E276F36ED006F95EB /* Tests iOS.xctest */;
			productType = "com.apple.product-type.bundle.ui-testing";
		};
		78B11689276F36ED006F95EB /* Tests macOS */ = {
			isa = PBXNativeTarget;
			buildConfigurationList = 78B116A3276F36ED006F95EB /* Build configuration list for PBXNativeTarget "Tests macOS" */;
			buildPhases = (
				78B11686276F36ED006F95EB /* Sources */,
				78B11687276F36ED006F95EB /* Frameworks */,
				78B11688276F36ED006F95EB /* Resources */,
			);
			buildRules = (
			);
			dependencies = (
				78B1168C276F36ED006F95EB /* PBXTargetDependency */,
			);
			name = "Tests macOS";
			productName = "Tests macOS";
			productReference = 78B1168A276F36ED006F95EB /* Tests macOS.xctest */;
			productType = "com.apple.product-type.bundle.ui-testing";
		};
/* End PBXNativeTarget section */

/* Begin PBXProject section */
		78B11665276F36E8006F95EB /* Project object */ = {
			isa = PBXProject;
			attributes = {
				BuildIndependentTargetsInParallel = 1;
				LastSwiftUpdateCheck = 1320;
				LastUpgradeCheck = 1320;
				TargetAttributes = {
					78B11670276F36EC006F95EB = {
						CreatedOnToolsVersion = 13.2;
					};
					78B11676276F36EC006F95EB = {
						CreatedOnToolsVersion = 13.2;
					};
					78B1167D276F36ED006F95EB = {
						CreatedOnToolsVersion = 13.2;
						TestTargetID = 78B11670276F36EC006F95EB;
					};
					78B11689276F36ED006F95EB = {
						CreatedOnToolsVersion = 13.2;
						TestTargetID = 78B11676276F36EC006F95EB;
					};
				};
			};
			buildConfigurationList = 78B11668276F36E8006F95EB /* Build configuration list for PBXProject "BTL" */;
			compatibilityVersion = "Xcode 13.0";
			developmentRegion = en;
			hasScannedForEncodings = 0;
			knownRegions = (
				en,
				Base,
			);
			mainGroup = 78B11664276F36E8006F95EB;
			productRefGroup = 78B11672276F36EC006F95EB /* Products */;
			projectDirPath = "";
			projectRoot = "";
			targets = (
				78B11670276F36EC006F95EB /* BTL (iOS) */,
				78B11676276F36EC006F95EB /* BTL (macOS) */,
				78B1167D276F36ED006F95EB /* Tests iOS */,
				78B11689276F36ED006F95EB /* Tests macOS */,
			);
		};
/* End PBXProject section */

/* Begin PBXResourcesBuildPhase section */
		78B1166F276F36EC006F95EB /* Resources */ = {
			isa = PBXResourcesBuildPhase;
			buildActionMask = 2147483647;
			files = (
				78B11696276F36ED006F95EB /* Assets.xcassets in Resources */,
			);
			runOnlyForDeploymentPostprocessing = 0;
		};
		78B11675276F36EC006F95EB /* Resources */ = {
			isa = PBXResourcesBuildPhase;
			buildActionMask = 2147483647;
			files = (
				78B11697276F36ED006F95EB /* Assets.xcassets in Resources */,
			);
			runOnlyForDeploymentPostprocessing = 0;
		};
		78B1167C276F36ED006F95EB /* Resources */ = {
			isa = PBXResourcesBuildPhase;
			buildActionMask = 2147483647;
			files = (
			);
			runOnlyForDeploymentPostprocessing = 0;
		};
		78B11688276F36ED006F95EB /* Resources */ = {
			isa = PBXResourcesBuildPhase;
			buildActionMask = 2147483647;
			files = (
			);
			runOnlyForDeploymentPostprocessing = 0;
		};
/* End PBXResourcesBuildPhase section */

/* Begin PBXSourcesBuildPhase section */
		78B1166D276F36EC006F95EB /* Sources */ = {
			isa = PBXSourcesBuildPhase;
			buildActionMask = 2147483647;
			files = (
				78B11694276F36ED006F95EB /* ContentView.swift in Sources */,
				78B11692276F36ED006F95EB /* BTLApp.swift in Sources */,
			);
			runOnlyForDeploymentPostprocessing = 0;
		};
		78B11673276F36EC006F95EB /* Sources */ = {
			isa = PBXSourcesBuildPhase;
			buildActionMask = 2147483647;
			files = (
				78B11695276F36ED006F95EB /* ContentView.swift in Sources */,
				78B11693276F36ED006F95EB /* BTLApp.swift in Sources */,
			);
			runOnlyForDeploymentPostprocessing = 0;
		};
		78B1167A276F36ED006F95EB /* Sources */ = {
			isa = PBXSourcesBuildPhase;
			buildActionMask = 2147483647;
			files = (
				78B11685276F36ED006F95EB /* Tests_iOSLaunchTests.swift in Sources */,
				78B11683276F36ED006F95EB /* Tests_iOS.swift in Sources */,
			);
			runOnlyForDeploymentPostprocessing = 0;
		};
		78B11686276F36ED006F95EB /* Sources */ = {
			isa = PBXSourcesBuildPhase;
			buildActionMask = 2147483647;
			files = (
				78B11691276F36ED006F95EB /* Tests_macOSLaunchTests.swift in Sources */,
				78B1168F276F36ED006F95EB /* Tests_macOS.swift in Sources */,
			);
			runOnlyForDeploymentPostprocessing = 0;
		};
/* End PBXSourcesBuildPhase section */

/* Begin PBXTargetDependency section */
		78B11680276F36ED006F95EB /* PBXTargetDependency */ = {
			isa = PBXTargetDependency;
			target = 78B11670276F36EC006F95EB /* BTL (iOS) */;
			targetProxy = 78B1167F276F36ED006F95EB /* PBXContainerItemProxy */;
		};
		78B1168C276F36ED006F95EB /* PBXTargetDependency */ = {
			isa = PBXTargetDependency;
			target = 78B11676276F36EC006F95EB /* BTL (macOS) */;
			targetProxy = 78B1168B276F36ED006F95EB /* PBXContainerItemProxy */;
		};
/* End PBXTargetDependency section */

/* Begin XCBuildConfiguration section */
		78B11698276F36ED006F95EB /* Debug */ = {
			isa = XCBuildConfiguration;
			buildSettings = {
				ALWAYS_SEARCH_USER_PATHS = NO;
				CLANG_ANALYZER_NONNULL = YES;
				CLANG_ANALYZER_NUMBER_OBJECT_CONVERSION = YES_AGGRESSIVE;
				CLANG_CXX_LANGUAGE_STANDARD = "gnu++17";
				CLANG_CXX_LIBRARY = "libc++";
				CLANG_ENABLE_MODULES = YES;
				CLANG_ENABLE_OBJC_ARC = YES;
				CLANG_ENABLE_OBJC_WEAK = YES;
				CLANG_WARN_BLOCK_CAPTURE_AUTORELEASING = YES;
				CLANG_WARN_BOOL_CONVERSION = YES;
				CLANG_WARN_COMMA = YES;
				CLANG_WARN_CONSTANT_CONVERSION = YES;
				CLANG_WARN_DEPRECATED_OBJC_IMPLEMENTATIONS = YES;
				CLANG_WARN_DIRECT_OBJC_ISA_USAGE = YES_ERROR;
				CLANG_WARN_DOCUMENTATION_COMMENTS = YES;
				CLANG_WARN_EMPTY_BODY = YES;
				CLANG_WARN_ENUM_CONVERSION = YES;
				CLANG_WARN_INFINITE_RECURSION = YES;
				CLANG_WARN_INT_CONVERSION = YES;
				CLANG_WARN_NON_LITERAL_NULL_CONVERSION = YES;
				CLANG_WARN_OBJC_IMPLICIT_RETAIN_SELF = YES;
				CLANG_WARN_OBJC_LITERAL_CONVERSION = YES;
				CLANG_WARN_OBJC_ROOT_CLASS = YES_ERROR;
				CLANG_WARN_QUOTED_INCLUDE_IN_FRAMEWORK_HEADER = YES;
				CLANG_WARN_RANGE_LOOP_ANALYSIS = YES;
				CLANG_WARN_STRICT_PROTOTYPES = YES;
				CLANG_WARN_SUSPICIOUS_MOVE = YES;
				CLANG_WARN_UNGUARDED_AVAILABILITY = YES_AGGRESSIVE;
				CLANG_WARN_UNREACHABLE_CODE = YES;
				CLANG_WARN__DUPLICATE_METHOD_MATCH = YES;
				COPY_PHASE_STRIP = NO;
				DEBUG_INFORMATION_FORMAT = dwarf;
				ENABLE_STRICT_OBJC_MSGSEND = YES;
				ENABLE_TESTABILITY = YES;
				GCC_C_LANGUAGE_STANDARD = gnu11;
				GCC_DYNAMIC_NO_PIC = NO;
				GCC_NO_COMMON_BLOCKS = YES;
				GCC_OPTIMIZATION_LEVEL = 0;
				GCC_PREPROCESSOR_DEFINITIONS = (
					"DEBUG=1",
					"$(inherited)",
				);
				GCC_WARN_64_TO_32_BIT_CONVERSION = YES;
				GCC_WARN_ABOUT_RETURN_TYPE = YES_ERROR;
				GCC_WARN_UNDECLARED_SELECTOR = YES;
				GCC_WARN_UNINITIALIZED_AUTOS = YES_AGGRESSIVE;
				GCC_WARN_UNUSED_FUNCTION = YES;
				GCC_WARN_UNUSED_VARIABLE = YES;
				MTL_ENABLE_DEBUG_INFO = INCLUDE_SOURCE;
				MTL_FAST_MATH = YES;
				ONLY_ACTIVE_ARCH = YES;
				SWIFT_ACTIVE_COMPILATION_CONDITIONS = DEBUG;
				SWIFT_OPTIMIZATION_LEVEL = "-Onone";
			};
			name = Debug;
		};
		78B11699276F36ED006F95EB /* Release */ = {
			isa = XCBuildConfiguration;
			buildSettings = {
				ALWAYS_SEARCH_USER_PATHS = NO;
				CLANG_ANALYZER_NONNULL = YES;
				CLANG_ANALYZER_NUMBER_OBJECT_CONVERSION = YES_AGGRESSIVE;
				CLANG_CXX_LANGUAGE_STANDARD = "gnu++17";
				CLANG_CXX_LIBRARY = "libc++";
				CLANG_ENABLE_MODULES = YES;
				CLANG_ENABLE_OBJC_ARC = YES;
				CLANG_ENABLE_OBJC_WEAK = YES;
				CLANG_WARN_BLOCK_CAPTURE_AUTORELEASING = YES;
				CLANG_WARN_BOOL_CONVERSION = YES;
				CLANG_WARN_COMMA = YES;
				CLANG_WARN_CONSTANT_CONVERSION = YES;
				CLANG_WARN_DEPRECATED_OBJC_IMPLEMENTATIONS = YES;
				CLANG_WARN_DIRECT_OBJC_ISA_USAGE = YES_ERROR;
				CLANG_WARN_DOCUMENTATION_COMMENTS = YES;
				CLANG_WARN_EMPTY_BODY = YES;
				CLANG_WARN_ENUM_CONVERSION = YES;
				CLANG_WARN_INFINITE_RECURSION = YES;
				CLANG_WARN_INT_CONVERSION = YES;
				CLANG_WARN_NON_LITERAL_NULL_CONVERSION = YES;
				CLANG_WARN_OBJC_IMPLICIT_RETAIN_SELF = YES;
				CLANG_WARN_OBJC_LITERAL_CONVERSION = YES;
				CLANG_WARN_OBJC_ROOT_CLASS = YES_ERROR;
				CLANG_WARN_QUOTED_INCLUDE_IN_FRAMEWORK_HEADER = YES;
				CLANG_WARN_RANGE_LOOP_ANALYSIS = YES;
				CLANG_WARN_STRICT_PROTOTYPES = YES;
				CLANG_WARN_SUSPICIOUS_MOVE = YES;
				CLANG_WARN_UNGUARDED_AVAILABILITY = YES_AGGRESSIVE;
				CLANG_WARN_UNREACHABLE_CODE = YES;
				CLANG_WARN__DUPLICATE_METHOD_MATCH = YES;
				COPY_PHASE_STRIP = NO;
				DEBUG_INFORMATION_FORMAT = "dwarf-with-dsym";
				ENABLE_NS_ASSERTIONS = NO;
				ENABLE_STRICT_OBJC_MSGSEND = YES;
				GCC_C_LANGUAGE_STANDARD = gnu11;
				GCC_NO_COMMON_BLOCKS = YES;
				GCC_WARN_64_TO_32_BIT_CONVERSION = YES;
				GCC_WARN_ABOUT_RETURN_TYPE = YES_ERROR;
				GCC_WARN_UNDECLARED_SELECTOR = YES;
				GCC_WARN_UNINITIALIZED_AUTOS = YES_AGGRESSIVE;
				GCC_WARN_UNUSED_FUNCTION = YES;
				GCC_WARN_UNUSED_VARIABLE = YES;
				MTL_ENABLE_DEBUG_INFO = NO;
				MTL_FAST_MATH = YES;
				SWIFT_COMPILATION_MODE = wholemodule;
				SWIFT_OPTIMIZATION_LEVEL = "-O";
			};
			name = Release;
		};
		78B1169B276F36ED006F95EB /* Debug */ = {
			isa = XCBuildConfiguration;
			buildSettings = {
				ASSETCATALOG_COMPILER_APPICON_NAME = AppIcon;
				ASSETCATALOG_COMPILER_GLOBAL_ACCENT_COLOR_NAME = AccentColor;
				CODE_SIGN_STYLE = Automatic;
				CURRENT_PROJECT_VERSION = 1;
				DEVELOPMENT_TEAM = 2G83VTAJJL;
				ENABLE_PREVIEWS = YES;
				GENERATE_INFOPLIST_FILE = YES;
				INFOPLIST_KEY_UIApplicationSceneManifest_Generation = YES;
				INFOPLIST_KEY_UIApplicationSupportsIndirectInputEvents = YES;
				INFOPLIST_KEY_UILaunchScreen_Generation = YES;
				INFOPLIST_KEY_UISupportedInterfaceOrientations_iPad = "UIInterfaceOrientationPortrait UIInterfaceOrientationPortraitUpsideDown UIInterfaceOrientationLandscapeLeft UIInterfaceOrientationLandscapeRight";
				INFOPLIST_KEY_UISupportedInterfaceOrientations_iPhone = "UIInterfaceOrientationPortrait UIInterfaceOrientationLandscapeLeft UIInterfaceOrientationLandscapeRight";
				IPHONEOS_DEPLOYMENT_TARGET = 15.2;
				LD_RUNPATH_SEARCH_PATHS = (
					"$(inherited)",
					"@executable_path/Frameworks",
				);
				MARKETING_VERSION = 1.0;
				PRODUCT_BUNDLE_IDENTIFIER = nhom16.BTL;
				PRODUCT_NAME = BTL;
				SDKROOT = iphoneos;
				SWIFT_EMIT_LOC_STRINGS = YES;
				SWIFT_VERSION = 5.0;
				TARGETED_DEVICE_FAMILY = 1;
			};
			name = Debug;
		};
		78B1169C276F36ED006F95EB /* Release */ = {
			isa = XCBuildConfiguration;
			buildSettings = {
				ASSETCATALOG_COMPILER_APPICON_NAME = AppIcon;
				ASSETCATALOG_COMPILER_GLOBAL_ACCENT_COLOR_NAME = AccentColor;
				CODE_SIGN_STYLE = Automatic;
				CURRENT_PROJECT_VERSION = 1;
				DEVELOPMENT_TEAM = 2G83VTAJJL;
				ENABLE_PREVIEWS = YES;
				GENERATE_INFOPLIST_FILE = YES;
				INFOPLIST_KEY_UIApplicationSceneManifest_Generation = YES;
				INFOPLIST_KEY_UIApplicationSupportsIndirectInputEvents = YES;
				INFOPLIST_KEY_UILaunchScreen_Generation = YES;
				INFOPLIST_KEY_UISupportedInterfaceOrientations_iPad = "UIInterfaceOrientationPortrait UIInterfaceOrientationPortraitUpsideDown UIInterfaceOrientationLandscapeLeft UIInterfaceOrientationLandscapeRight";
				INFOPLIST_KEY_UISupportedInterfaceOrientations_iPhone = "UIInterfaceOrientationPortrait UIInterfaceOrientationLandscapeLeft UIInterfaceOrientationLandscapeRight";
				IPHONEOS_DEPLOYMENT_TARGET = 15.2;
				LD_RUNPATH_SEARCH_PATHS = (
					"$(inherited)",
					"@executable_path/Frameworks",
				);
				MARKETING_VERSION = 1.0;
				PRODUCT_BUNDLE_IDENTIFIER = nhom16.BTL;
				PRODUCT_NAME = BTL;
				SDKROOT = iphoneos;
				SWIFT_EMIT_LOC_STRINGS = YES;
				SWIFT_VERSION = 5.0;
				TARGETED_DEVICE_FAMILY = 1;
				VALIDATE_PRODUCT = YES;
			};
			name = Release;
		};
		78B1169E276F36ED006F95EB /* Debug */ = {
			isa = XCBuildConfiguration;
			buildSettings = {
				ASSETCATALOG_COMPILER_APPICON_NAME = AppIcon;
				ASSETCATALOG_COMPILER_GLOBAL_ACCENT_COLOR_NAME = AccentColor;
				CODE_SIGN_ENTITLEMENTS = macOS/macOS.entitlements;
				CODE_SIGN_STYLE = Automatic;
				COMBINE_HIDPI_IMAGES = YES;
				CURRENT_PROJECT_VERSION = 1;
				DEVELOPMENT_TEAM = 2G83VTAJJL;
				ENABLE_HARDENED_RUNTIME = YES;
				ENABLE_PREVIEWS = YES;
				GENERATE_INFOPLIST_FILE = YES;
				INFOPLIST_KEY_NSHumanReadableCopyright = "";
				LD_RUNPATH_SEARCH_PATHS = (
					"$(inherited)",
					"@executable_path/../Frameworks",
				);
				MACOSX_DEPLOYMENT_TARGET = 12.0;
				MARKETING_VERSION = 1.0;
				PRODUCT_BUNDLE_IDENTIFIER = nhom16.BTL;
				PRODUCT_NAME = BTL;
				SDKROOT = macosx;
				SWIFT_EMIT_LOC_STRINGS = YES;
				SWIFT_VERSION = 5.0;
			};
			name = Debug;
		};
		78B1169F276F36ED006F95EB /* Release */ = {
			isa = XCBuildConfiguration;
			buildSettings = {
				ASSETCATALOG_COMPILER_APPICON_NAME = AppIcon;
				ASSETCATALOG_COMPILER_GLOBAL_ACCENT_COLOR_NAME = AccentColor;
				CODE_SIGN_ENTITLEMENTS = macOS/macOS.entitlements;
				CODE_SIGN_STYLE = Automatic;
				COMBINE_HIDPI_IMAGES = YES;
				CURRENT_PROJECT_VERSION = 1;
				DEVELOPMENT_TEAM = 2G83VTAJJL;
				ENABLE_HARDENED_RUNTIME = YES;
				ENABLE_PREVIEWS = YES;
				GENERATE_INFOPLIST_FILE = YES;
				INFOPLIST_KEY_NSHumanReadableCopyright = "";
				LD_RUNPATH_SEARCH_PATHS = (
					"$(inherited)",
					"@executable_path/../Frameworks",
				);
				MACOSX_DEPLOYMENT_TARGET = 12.0;
				MARKETING_VERSION = 1.0;
				PRODUCT_BUNDLE_IDENTIFIER = nhom16.BTL;
				PRODUCT_NAME = BTL;
				SDKROOT = macosx;
				SWIFT_EMIT_LOC_STRINGS = YES;
				SWIFT_VERSION = 5.0;
			};
			name = Release;
		};
		78B116A1276F36ED006F95EB /* Debug */ = {
			isa = XCBuildConfiguration;
			buildSettings = {
				ALWAYS_EMBED_SWIFT_STANDARD_LIBRARIES = YES;
				CODE_SIGN_STYLE = Automatic;
				CURRENT_PROJECT_VERSION = 1;
				DEVELOPMENT_TEAM = 2G83VTAJJL;
				GENERATE_INFOPLIST_FILE = YES;
				IPHONEOS_DEPLOYMENT_TARGET = 15.2;
				MARKETING_VERSION = 1.0;
				PRODUCT_BUNDLE_IDENTIFIER = "nhom16.Tests-iOS";
				PRODUCT_NAME = "$(TARGET_NAME)";
				SDKROOT = iphoneos;
				SWIFT_EMIT_LOC_STRINGS = NO;
				SWIFT_VERSION = 5.0;
				TARGETED_DEVICE_FAMILY = "1,2";
				TEST_TARGET_NAME = "BTL (iOS)";
			};
			name = Debug;
		};
		78B116A2276F36ED006F95EB /* Release */ = {
			isa = XCBuildConfiguration;
			buildSettings = {
				ALWAYS_EMBED_SWIFT_STANDARD_LIBRARIES = YES;
				CODE_SIGN_STYLE = Automatic;
				CURRENT_PROJECT_VERSION = 1;
				DEVELOPMENT_TEAM = 2G83VTAJJL;
				GENERATE_INFOPLIST_FILE = YES;
				IPHONEOS_DEPLOYMENT_TARGET = 15.2;
				MARKETING_VERSION = 1.0;
				PRODUCT_BUNDLE_IDENTIFIER = "nhom16.Tests-iOS";
				PRODUCT_NAME = "$(TARGET_NAME)";
				SDKROOT = iphoneos;
				SWIFT_EMIT_LOC_STRINGS = NO;
				SWIFT_VERSION = 5.0;
				TARGETED_DEVICE_FAMILY = "1,2";
				TEST_TARGET_NAME = "BTL (iOS)";
				VALIDATE_PRODUCT = YES;
			};
			name = Release;
		};
		78B116A4276F36ED006F95EB /* Debug */ = {
			isa = XCBuildConfiguration;
			buildSettings = {
				ALWAYS_EMBED_SWIFT_STANDARD_LIBRARIES = YES;
				CODE_SIGN_STYLE = Automatic;
				CURRENT_PROJECT_VERSION = 1;
				DEVELOPMENT_TEAM = 2G83VTAJJL;
				GENERATE_INFOPLIST_FILE = YES;
				MACOSX_DEPLOYMENT_TARGET = 12.0;
				MARKETING_VERSION = 1.0;
				PRODUCT_BUNDLE_IDENTIFIER = "nhom16.Tests-macOS";
				PRODUCT_NAME = "$(TARGET_NAME)";
				SDKROOT = macosx;
				SWIFT_EMIT_LOC_STRINGS = NO;
				SWIFT_VERSION = 5.0;
				TEST_TARGET_NAME = "BTL (macOS)";
			};
			name = Debug;
		};
		78B116A5276F36ED006F95EB /* Release */ = {
			isa = XCBuildConfiguration;
			buildSettings = {
				ALWAYS_EMBED_SWIFT_STANDARD_LIBRARIES = YES;
				CODE_SIGN_STYLE = Automatic;
				CURRENT_PROJECT_VERSION = 1;
				DEVELOPMENT_TEAM = 2G83VTAJJL;
				GENERATE_INFOPLIST_FILE = YES;
				MACOSX_DEPLOYMENT_TARGET = 12.0;
				MARKETING_VERSION = 1.0;
				PRODUCT_BUNDLE_IDENTIFIER = "nhom16.Tests-macOS";
				PRODUCT_NAME = "$(TARGET_NAME)";
				SDKROOT = macosx;
				SWIFT_EMIT_LOC_STRINGS = NO;
				SWIFT_VERSION = 5.0;
				TEST_TARGET_NAME = "BTL (macOS)";
			};
			name = Release;
		};
/* End XCBuildConfiguration section */

/* Begin XCConfigurationList section */
		78B11668276F36E8006F95EB /* Build configuration list for PBXProject "BTL" */ = {
			isa = XCConfigurationList;
			buildConfigurations = (
				78B11698276F36ED006F95EB /* Debug */,
				78B11699276F36ED006F95EB /* Release */,
			);
			defaultConfigurationIsVisible = 0;
			defaultConfigurationName = Release;
		};
		78B1169A276F36ED006F95EB /* Build configuration list for PBXNativeTarget "BTL (iOS)" */ = {
			isa = XCConfigurationList;
			buildConfigurations = (
				78B1169B276F36ED006F95EB /* Debug */,
				78B1169C276F36ED006F95EB /* Release */,
			);
			defaultConfigurationIsVisible = 0;
			defaultConfigurationName = Release;
		};
		78B1169D276F36ED006F95EB /* Build configuration list for PBXNativeTarget "BTL (macOS)" */ = {
			isa = XCConfigurationList;
			buildConfigurations = (
				78B1169E276F36ED006F95EB /* Debug */,
				78B1169F276F36ED006F95EB /* Release */,
			);
			defaultConfigurationIsVisible = 0;
			defaultConfigurationName = Release;
		};
		78B116A0276F36ED006F95EB /* Build configuration list for PBXNativeTarget "Tests iOS" */ = {
			isa = XCConfigurationList;
			buildConfigurations = (
				78B116A1276F36ED006F95EB /* Debug */,
				78B116A2276F36ED006F95EB /* Release */,
			);
			defaultConfigurationIsVisible = 0;
			defaultConfigurationName = Release;
		};
		78B116A3276F36ED006F95EB /* Build configuration list for PBXNativeTarget "Tests macOS" */ = {
			isa = XCConfigurationList;
			buildConfigurations = (
				78B116A4276F36ED006F95EB /* Debug */,
				78B116A5276F36ED006F95EB /* Release */,
			);
			defaultConfigurationIsVisible = 0;
			defaultConfigurationName = Release;
		};
/* End XCConfigurationList section */
	};
	rootObject = 78B11665276F36E8006F95EB /* Project object */;
}
